
Microsoft Visual Studio Solution File, Format Version 12.00
# Visual Studio Version 17
VisualStudioVersion = 17.11.35312.102
MinimumVisualStudioVersion = 10.0.40219.1
Project("{FAE04EC0-301F-11D3-BF4B-00C04F79EFBC}") = "gittaak1-Kaan", "gittaak1-Kaan\gittaak1-Kaan.csproj", "{FAA2AE2D-661C-4D64-9398-8CBFF39DD2CD}"
EndProject
Global
	GlobalSection(SolutionConfigurationPlatforms) = preSolution
		Debug|Any CPU = Debug|Any CPU
		Release|Any CPU = Release|Any CPU
	EndGlobalSection
	GlobalSection(ProjectConfigurationPlatforms) = postSolution
		{FAA2AE2D-661C-4D64-9398-8CBFF39DD2CD}.Debug|Any CPU.ActiveCfg = Debug|Any CPU
		{FAA2AE2D-661C-4D64-9398-8CBFF39DD2CD}.Debug|Any CPU.Build.0 = Debug|Any CPU
		{FAA2AE2D-661C-4D64-9398-8CBFF39DD2CD}.Release|Any CPU.ActiveCfg = Release|Any CPU
		{FAA2AE2D-661C-4D64-9398-8CBFF39DD2CD}.Release|Any CPU.Build.0 = Release|Any CPU
	EndGlobalSection
	GlobalSection(SolutionProperties) = preSolution
		HideSolutionNode = FALSE
	EndGlobalSection
	GlobalSection(ExtensibilityGlobals) = postSolution
		SolutionGuid = {11FE2C9C-18B8-446B-AFDA-FA41AE7C0728}
	EndGlobalSection
EndGlobal
